<?xml version="1.0" encoding="utf-8"?>
<Project ToolsVersion="4.0" xmlns="http://schemas.microsoft.com/developer/msbuild/2003">
  <ItemGroup>
    <Filter Include="Fichiers sources">
      <UniqueIdentifier>{4FC737F1-C7A5-4376-A066-2A32D752A2FF}</UniqueIdentifier>
      <Extensions>cpp;c;cc;cxx;c++;cppm;ixx;def;odl;idl;hpj;bat;asm;asmx</Extensions>
    </Filter>
    <Filter Include="Fichiers d%27en-tête">
      <UniqueIdentifier>{93995380-89BD-4b04-88EB-625FBE52EBFB}</UniqueIdentifier>
      <Extensions>h;hh;hpp;hxx;h++;hm;inl;inc;ipp;xsd</Extensions>
    </Filter>
    <Filter Include="Fichiers de ressources">
      <UniqueIdentifier>{67DA6AB6-F800-4c08-8B7A-83BB121AAD01}</UniqueIdentifier>
      <Extensions>rc;ico;cur;bmp;dlg;rc2;rct;bin;rgs;gif;jpg;jpeg;jpe;resx;tiff;tif;png;wav;mfcribbon-ms</Extensions>
    </Filter>
  </ItemGroup>
  <ItemGroup>
    <ClCompile Include="main.cpp">
      <Filter>Fichiers sources</Filter>
    </ClCompile>
    <ClCompile Include="imgui\imgui.cpp">
      <Filter>Fichiers sources</Filter>
    </ClCompile>
    <ClCompile Include="imgui\imgui_demo.cpp">
      <Filter>Fichiers sources</Filter>
    </ClCompile>
    <ClCompile Include="imgui\imgui_draw.cpp">
      <Filter>Fichiers sources</Filter>
    </ClCompile>
    <ClCompile Include="imgui\imgui_tables.cpp">
      <Filter>Fichiers sources</Filter>
    </ClCompile>
    <ClCompile Include="imgui\imgui_widgets.cpp">
      <Filter>Fichiers sources</Filter>
    </ClCompile>
    <ClCompile Include="cse\graphics.cpp">
      <Filter>Fichiers sources</Filter>
    </ClCompile>
    <ClCompile Include="cse\extensions\debug_window.cpp">
      <Filter>Fichiers sources</Filter>
    </ClCompile>
    <ClCompile Include="cse\keys.cpp">
      <Filter>Fichiers sources</Filter>
    </ClCompile>
    <ClCompile Include="cse\extensions\universal_shortcut.cpp">
      <Filter>Fichiers sources</Filter>
    </ClCompile>
    <ClCompile Include="imgui\imgui_impl_dx9.cpp">
      <Filter>Fichiers sources</Filter>
    </ClCompile>
    <ClCompile Include="imgui\imgui_impl_win32.cpp">
      <Filter>Fichiers sources</Filter>
    </ClCompile>
    <ClCompile Include="cse\cse.cpp">
      <Filter>Fichiers sources</Filter>
    </ClCompile>
    <ClCompile Include="cse\extensions\key_stats_recorder.cpp">
      <Filter>Fichiers sources</Filter>
    </ClCompile>
    <ClCompile Include="cse\commands.cpp">
      <Filter>Fichiers sources</Filter>
    </ClCompile>
    <ClCompile Include="cse\extensions\time_recorder.cpp">
      <Filter>Fichiers sources</Filter>
    </ClCompile>
    <ClCompile Include="cse\extensions\recorded_commands.cpp">
      <Filter>Fichiers sources</Filter>
    </ClCompile>
    <ClCompile Include="cse\extensions\color_picker.cpp">
      <Filter>Fichiers sources</Filter>
    </ClCompile>
    <ClCompile Include="cse\extensions\tables.cpp">
      <Filter>Fichiers sources</Filter>
    </ClCompile>
    <ClCompile Include="cse\extensions\personnal_links.cpp">
      <Filter>Fichiers sources</Filter>
    </ClCompile>
    <ClCompile Include="cse\extensions\gotodir.cpp">
      <Filter>Fichiers sources</Filter>
    </ClCompile>
  </ItemGroup>
  <ItemGroup>
    <ClInclude Include="imgui\imconfig.h">
      <Filter>Fichiers d%27en-tête</Filter>
    </ClInclude>
    <ClInclude Include="imgui\imgui.h">
      <Filter>Fichiers d%27en-tête</Filter>
    </ClInclude>
    <ClInclude Include="imgui\imgui_internal.h">
      <Filter>Fichiers d%27en-tête</Filter>
    </ClInclude>
    <ClInclude Include="imgui\imstb_rectpack.h">
      <Filter>Fichiers d%27en-tête</Filter>
    </ClInclude>
    <ClInclude Include="imgui\imstb_textedit.h">
      <Filter>Fichiers d%27en-tête</Filter>
    </ClInclude>
    <ClInclude Include="imgui\imstb_truetype.h">
      <Filter>Fichiers d%27en-tête</Filter>
    </ClInclude>
    <ClInclude Include="cse\graphics.h">
      <Filter>Fichiers d%27en-tête</Filter>
    </ClInclude>
    <ClInclude Include="imgui\imgui_impl_dx9.h">
      <Filter>Fichiers d%27en-tête</Filter>
    </ClInclude>
    <ClInclude Include="imgui\imgui_impl_win32.h">
      <Filter>Fichiers d%27en-tête</Filter>
    </ClInclude>
    <ClInclude Include="cse\cse.h">
      <Filter>Fichiers d%27en-tête</Filter>
    </ClInclude>
    <ClInclude Include="cse\cse_internal.h">
      <Filter>Fichiers d%27en-tête</Filter>
    </ClInclude>
    <ClInclude Include="cse\extensions\debug_window.h">
      <Filter>Fichiers d%27en-tête</Filter>
    </ClInclude>
    <ClInclude Include="cse\extensions\key_stats_recorder.h">
      <Filter>Fichiers d%27en-tête</Filter>
    </ClInclude>
    <ClInclude Include="cse\extensions\universal_shortcut.h">
      <Filter>Fichiers d%27en-tête</Filter>
    </ClInclude>
    <ClInclude Include="cse\commands.h">
      <Filter>Fichiers d%27en-tête</Filter>
    </ClInclude>
    <ClInclude Include="cse\extensions\time_recorder.h">
      <Filter>Fichiers d%27en-tête</Filter>
    </ClInclude>
    <ClInclude Include="cse\extensions\recorded_commands.h">
      <Filter>Fichiers d%27en-tête</Filter>
    </ClInclude>
    <ClInclude Include="cse\extensions\color_picker.h">
      <Filter>Fichiers d%27en-tête</Filter>
    </ClInclude>
    <ClInclude Include="cse\graphics_spec.h">
      <Filter>Fichiers d%27en-tête</Filter>
    </ClInclude>
    <ClInclude Include="resource.h">
      <Filter>Fichiers d%27en-tête</Filter>
    </ClInclude>
    <ClInclude Include="cse\extensions\tables.h">
      <Filter>Fichiers d%27en-tête</Filter>
    </ClInclude>
    <ClInclude Include="cse\extensions\personnal_links.h">
      <Filter>Fichiers d%27en-tête</Filter>
    </ClInclude>
    <ClInclude Include="cse\extensions\gotodir.h">
      <Filter>Fichiers d%27en-tête</Filter>
    </ClInclude>
  </ItemGroup>
  <ItemGroup>
    <Image Include="res\wondertools_64.ico">
      <Filter>Fichiers de ressources</Filter>
    </Image>
    <Image Include="res\wondertools_256.ico">
      <Filter>Fichiers de ressources</Filter>
    </Image>
  </ItemGroup>
  <ItemGroup>
    <ResourceCompile Include="CtrlShiftE.rc">
      <Filter>Fichiers de ressources</Filter>
    </ResourceCompile>
  </ItemGroup>
</Project>